
Microsoft Visual Studio Solution File, Format Version 12.00
Project("{FAE04EC0-301F-11D3-BF4B-00C04F79EFBC}") = "Whojack", "Whojack\Whojack.csproj", "{2BC7A3CB-CD1D-440D-B167-F5C140D5CDE7}"
EndProject
Project("{FAE04EC0-301F-11D3-BF4B-00C04F79EFBC}") = "Whojack.Tests", "Whojack.Tests\Whojack.Tests.csproj", "{20C2FA69-8380-4F7E-853B-E97944E4E37A}"
EndProject
Global
	GlobalSection(SolutionConfigurationPlatforms) = preSolution
		Debug|Any CPU = Debug|Any CPU
		Release|Any CPU = Release|Any CPU
	EndGlobalSection
	GlobalSection(ProjectConfigurationPlatforms) = postSolution
		{2BC7A3CB-CD1D-440D-B167-F5C140D5CDE7}.Debug|Any CPU.ActiveCfg = Debug|Any CPU
		{2BC7A3CB-CD1D-440D-B167-F5C140D5CDE7}.Debug|Any CPU.Build.0 = Debug|Any CPU
		{2BC7A3CB-CD1D-440D-B167-F5C140D5CDE7}.Release|Any CPU.ActiveCfg = Release|Any CPU
		{2BC7A3CB-CD1D-440D-B167-F5C140D5CDE7}.Release|Any CPU.Build.0 = Release|Any CPU
		{20C2FA69-8380-4F7E-853B-E97944E4E37A}.Debug|Any CPU.ActiveCfg = Debug|Any CPU
		{20C2FA69-8380-4F7E-853B-E97944E4E37A}.Debug|Any CPU.Build.0 = Debug|Any CPU
		{20C2FA69-8380-4F7E-853B-E97944E4E37A}.Release|Any CPU.ActiveCfg = Release|Any CPU
		{20C2FA69-8380-4F7E-853B-E97944E4E37A}.Release|Any CPU.Build.0 = Release|Any CPU
	EndGlobalSection
EndGlobal
